lockfileVersion: '9.0'

settings:
  autoInstallPeers: true
  excludeLinksFromLockfile: false

importers:

  .:
    dependencies:
      keen-slider:
        specifier: ^6.8.6
        version: 6.8.6

packages:

  keen-slider@6.8.6:
    resolution: {integrity: sha512-dcEQ7GDBpCjUQA8XZeWh3oBBLLmyn8aoeIQFGL/NTVkoEOsmlnXqA4QykUm/SncolAZYGsEk/PfUhLZ7mwMM2w==}

snapshots:

  keen-slider@6.8.6: {}
